
Microsoft Visual Studio Solution File, Format Version 12.00
# Visual Studio 15
VisualStudioVersion = 15.0.27428.2015
MinimumVisualStudioVersion = 10.0.40219.1
Project("{8BC9CEB8-8B4A-11D0-8D11-00A0C91BC942}") = "Game", "Project1\Project1.vcxproj", "{99834A22-765E-44BA-98F1-66497C7CBBB4}"
EndProject
Project("{8BC9CEB8-8B4A-11D0-8D11-00A0C91BC942}") = "Engine", "Engine\Engine.vcxproj", "{6FF0C9B6-C866-4725-A321-0114C0728AD7}"
EndProject
Global
	GlobalSection(SolutionConfigurationPlatforms) = preSolution
		Debug|x64 = Debug|x64
		Debug|x86 = Debug|x86
		Release|x64 = Release|x64
		Release|x86 = Release|x86
	EndGlobalSection
	GlobalSection(ProjectConfigurationPlatforms) = postSolution
		{99834A22-765E-44BA-98F1-66497C7CBBB4}.Debug|x64.ActiveCfg = Debug|x64
		{99834A22-765E-44BA-98F1-66497C7CBBB4}.Debug|x64.Build.0 = Debug|x64
		{99834A22-765E-44BA-98F1-66497C7CBBB4}.Debug|x86.ActiveCfg = Debug|Win32
		{99834A22-765E-44BA-98F1-66497C7CBBB4}.Debug|x86.Build.0 = Debug|Win32
		{99834A22-765E-44BA-98F1-66497C7CBBB4}.Release|x64.ActiveCfg = Release|x64
		{99834A22-765E-44BA-98F1-66497C7CBBB4}.Release|x64.Build.0 = Release|x64
		{99834A22-765E-44BA-98F1-66497C7CBBB4}.Release|x86.ActiveCfg = Release|Win32
		{99834A22-765E-44BA-98F1-66497C7CBBB4}.Release|x86.Build.0 = Release|Win32
		{6FF0C9B6-C866-4725-A321-0114C0728AD7}.Debug|x64.ActiveCfg = Debug|x64
		{6FF0C9B6-C866-4725-A321-0114C0728AD7}.Debug|x64.Build.0 = Debug|x64
		{6FF0C9B6-C866-4725-A321-0114C0728AD7}.Debug|x86.ActiveCfg = Debug|Win32
		{6FF0C9B6-C866-4725-A321-0114C0728AD7}.Debug|x86.Build.0 = Debug|Win32
		{6FF0C9B6-C866-4725-A321-0114C0728AD7}.Release|x64.ActiveCfg = Release|x64
		{6FF0C9B6-C866-4725-A321-0114C0728AD7}.Release|x64.Build.0 = Release|x64
		{6FF0C9B6-C866-4725-A321-0114C0728AD7}.Release|x86.ActiveCfg = Release|Win32
		{6FF0C9B6-C866-4725-A321-0114C0728AD7}.Release|x86.Build.0 = Release|Win32
	EndGlobalSection
	GlobalSection(SolutionProperties) = preSolution
		HideSolutionNode = FALSE
	EndGlobalSection
	GlobalSection(ExtensibilityGlobals) = postSolution
		SolutionGuid = {7DCB086A-8724-486D-8AC0-76F8FFE24FA7}
	EndGlobalSection
EndGlobal
